
Microsoft Visual Studio Solution File, Format Version 12.00
# Visual Studio Version 17
VisualStudioVersion = 17.11.35219.272
MinimumVisualStudioVersion = 10.0.40219.1
Project("{9A19103F-16F7-4668-BE54-9A1E7A4F7556}") = "LeilaoCarro", "LeilaoCarro\LeilaoCarro.csproj", "{525EB16B-AF41-497F-8567-FB8390B89B2A}"
EndProject
Global
	GlobalSection(SolutionConfigurationPlatforms) = preSolution
		Debug|Any CPU = Debug|Any CPU
		Release|Any CPU = Release|Any CPU
	EndGlobalSection
	GlobalSection(ProjectConfigurationPlatforms) = postSolution
		{525EB16B-AF41-497F-8567-FB8390B89B2A}.Debug|Any CPU.ActiveCfg = Debug|Any CPU
		{525EB16B-AF41-497F-8567-FB8390B89B2A}.Debug|Any CPU.Build.0 = Debug|Any CPU
		{525EB16B-AF41-497F-8567-FB8390B89B2A}.Release|Any CPU.ActiveCfg = Release|Any CPU
		{525EB16B-AF41-497F-8567-FB8390B89B2A}.Release|Any CPU.Build.0 = Release|Any CPU
	EndGlobalSection
	GlobalSection(SolutionProperties) = preSolution
		HideSolutionNode = FALSE
	EndGlobalSection
	GlobalSection(ExtensibilityGlobals) = postSolution
		SolutionGuid = {DBBC9F20-893F-4EDF-9FB9-64BE0A3BC796}
	EndGlobalSection
EndGlobal
